
Microsoft Visual Studio Solution File, Format Version 12.00
# Visual Studio 15
VisualStudioVersion = 15.0.26730.3
MinimumVisualStudioVersion = 10.0.40219.1
Project("{FAE04EC0-301F-11D3-BF4B-00C04F79EFBC}") = "XamarinFormsGoogleMap.Android", "XamarinFormsGoogleMap\XamarinFormsGoogleMap.Android\XamarinFormsGoogleMap.Android.csproj", "{C7BE3327-19D7-4202-AD0A-73CCC862870B}"
EndProject
Project("{FAE04EC0-301F-11D3-BF4B-00C04F79EFBC}") = "XamarinFormsGoogleMap", "XamarinFormsGoogleMap\XamarinFormsGoogleMap\XamarinFormsGoogleMap.csproj", "{B37FB47B-59CC-432D-8E31-2BA820CC57C5}"
EndProject
Project("{FAE04EC0-301F-11D3-BF4B-00C04F79EFBC}") = "XamarinFormsGoogleMap.UWP", "XamarinFormsGoogleMap\XamarinFormsGoogleMap.UWP\XamarinFormsGoogleMap.UWP.csproj", "{D73A21DB-73FC-49A8-BB2D-0AEECE29A991}"
EndProject
Project("{FAE04EC0-301F-11D3-BF4B-00C04F79EFBC}") = "XamarinFormsGoogleMap.iOS", "XamarinFormsGoogleMap\XamarinFormsGoogleMap.iOS\XamarinFormsGoogleMap.iOS.csproj", "{EC311181-8BFA-48ED-BFD2-10CDFC8ECD23}"
EndProject
Global
	GlobalSection(SolutionConfigurationPlatforms) = preSolution
		Ad-Hoc|Any CPU = Ad-Hoc|Any CPU
		Ad-Hoc|ARM = Ad-Hoc|ARM
		Ad-Hoc|iPhone = Ad-Hoc|iPhone
		Ad-Hoc|iPhoneSimulator = Ad-Hoc|iPhoneSimulator
		Ad-Hoc|x64 = Ad-Hoc|x64
		Ad-Hoc|x86 = Ad-Hoc|x86
		AppStore|Any CPU = AppStore|Any CPU
		AppStore|ARM = AppStore|ARM
		AppStore|iPhone = AppStore|iPhone
		AppStore|iPhoneSimulator = AppStore|iPhoneSimulator
		AppStore|x64 = AppStore|x64
		AppStore|x86 = AppStore|x86
		Debug|Any CPU = Debug|Any CPU
		Debug|ARM = Debug|ARM
		Debug|iPhone = Debug|iPhone
		Debug|iPhoneSimulator = Debug|iPhoneSimulator
		Debug|x64 = Debug|x64
		Debug|x86 = Debug|x86
		Release|Any CPU = Release|Any CPU
		Release|ARM = Release|ARM
		Release|iPhone = Release|iPhone
		Release|iPhoneSimulator = Release|iPhoneSimulator
		Release|x64 = Release|x64
		Release|x86 = Release|x86
	EndGlobalSection
	GlobalSection(ProjectConfigurationPlatforms) = postSolution
		{C7BE3327-19D7-4202-AD0A-73CCC862870B}.Ad-Hoc|Any CPU.ActiveCfg = Release|Any CPU
		{C7BE3327-19D7-4202-AD0A-73CCC862870B}.Ad-Hoc|Any CPU.Build.0 = Release|Any CPU
		{C7BE3327-19D7-4202-AD0A-73CCC862870B}.Ad-Hoc|Any CPU.Deploy.0 = Release|Any CPU
		{C7BE3327-19D7-4202-AD0A-73CCC862870B}.Ad-Hoc|ARM.ActiveCfg = Release|Any CPU
		{C7BE3327-19D7-4202-AD0A-73CCC862870B}.Ad-Hoc|ARM.Build.0 = Release|Any CPU
		{C7BE3327-19D7-4202-AD0A-73CCC862870B}.Ad-Hoc|ARM.Deploy.0 = Release|Any CPU
		{C7BE3327-19D7-4202-AD0A-73CCC862870B}.Ad-Hoc|iPhone.ActiveCfg = Release|Any CPU
		{C7BE3327-19D7-4202-AD0A-73CCC862870B}.Ad-Hoc|iPhone.Build.0 = Release|Any CPU
		{C7BE3327-19D7-4202-AD0A-73CCC862870B}.Ad-Hoc|iPhone.Deploy.0 = Release|Any CPU
		{C7BE3327-19D7-4202-AD0A-73CCC862870B}.Ad-Hoc|iPhoneSimulator.ActiveCfg = Release|Any CPU
		{C7BE3327-19D7-4202-AD0A-73CCC862870B}.Ad-Hoc|iPhoneSimulator.Build.0 = Release|Any CPU
		{C7BE3327-19D7-4202-AD0A-73CCC862870B}.Ad-Hoc|iPhoneSimulator.Deploy.0 = Release|Any CPU
		{C7BE3327-19D7-4202-AD0A-73CCC862870B}.Ad-Hoc|x64.ActiveCfg = Release|Any CPU
		{C7BE3327-19D7-4202-AD0A-73CCC862870B}.Ad-Hoc|x64.Build.0 = Release|Any CPU
		{C7BE3327-19D7-4202-AD0A-73CCC862870B}.Ad-Hoc|x64.Deploy.0 = Release|Any CPU
		{C7BE3327-19D7-4202-AD0A-73CCC862870B}.Ad-Hoc|x86.ActiveCfg = Release|Any CPU
		{C7BE3327-19D7-4202-AD0A-73CCC862870B}.Ad-Hoc|x86.Build.0 = Release|Any CPU
		{C7BE3327-19D7-4202-AD0A-73CCC862870B}.Ad-Hoc|x86.Deploy.0 = Release|Any CPU
		{C7BE3327-19D7-4202-AD0A-73CCC862870B}.AppStore|Any CPU.ActiveCfg = Release|Any CPU
		{C7BE3327-19D7-4202-AD0A-73CCC862870B}.AppStore|Any CPU.Build.0 = Release|Any CPU
		{C7BE3327-19D7-4202-AD0A-73CCC862870B}.AppStore|Any CPU.Deploy.0 = Release|Any CPU
		{C7BE3327-19D7-4202-AD0A-73CCC862870B}.AppStore|ARM.ActiveCfg = Release|Any CPU
		{C7BE3327-19D7-4202-AD0A-73CCC862870B}.AppStore|ARM.Build.0 = Release|Any CPU
		{C7BE3327-19D7-4202-AD0A-73CCC862870B}.AppStore|ARM.Deploy.0 = Release|Any CPU
		{C7BE3327-19D7-4202-AD0A-73CCC862870B}.AppStore|iPhone.ActiveCfg = Release|Any CPU
		{C7BE3327-19D7-4202-AD0A-73CCC862870B}.AppStore|iPhone.Build.0 = Release|Any CPU
		{C7BE3327-19D7-4202-AD0A-73CCC862870B}.AppStore|iPhone.Deploy.0 = Release|Any CPU
		{C7BE3327-19D7-4202-AD0A-73CCC862870B}.AppStore|iPhoneSimulator.ActiveCfg = Release|Any CPU
		{C7BE3327-19D7-4202-AD0A-73CCC862870B}.AppStore|iPhoneSimulator.Build.0 = Release|Any CPU
		{C7BE3327-19D7-4202-AD0A-73CCC862870B}.AppStore|iPhoneSimulator.Deploy.0 = Release|Any CPU
		{C7BE3327-19D7-4202-AD0A-73CCC862870B}.AppStore|x64.ActiveCfg = Release|Any CPU
		{C7BE3327-19D7-4202-AD0A-73CCC862870B}.AppStore|x64.Build.0 = Release|Any CPU
		{C7BE3327-19D7-4202-AD0A-73CCC862870B}.AppStore|x64.Deploy.0 = Release|Any CPU
		{C7BE3327-19D7-4202-AD0A-73CCC862870B}.AppStore|x86.ActiveCfg = Release|Any CPU
		{C7BE3327-19D7-4202-AD0A-73CCC862870B}.AppStore|x86.Build.0 = Release|Any CPU
		{C7BE3327-19D7-4202-AD0A-73CCC862870B}.AppStore|x86.Deploy.0 = Release|Any CPU
		{C7BE3327-19D7-4202-AD0A-73CCC862870B}.Debug|Any CPU.ActiveCfg = Debug|Any CPU
		{C7BE3327-19D7-4202-AD0A-73CCC862870B}.Debug|Any CPU.Build.0 = Debug|Any CPU
		{C7BE3327-19D7-4202-AD0A-73CCC862870B}.Debug|Any CPU.Deploy.0 = Debug|Any CPU
		{C7BE3327-19D7-4202-AD0A-73CCC862870B}.Debug|ARM.ActiveCfg = Debug|Any CPU
		{C7BE3327-19D7-4202-AD0A-73CCC862870B}.Debug|ARM.Build.0 = Debug|Any CPU
		{C7BE3327-19D7-4202-AD0A-73CCC862870B}.Debug|ARM.Deploy.0 = Debug|Any CPU
		{C7BE3327-19D7-4202-AD0A-73CCC862870B}.Debug|iPhone.ActiveCfg = Debug|Any CPU
		{C7BE3327-19D7-4202-AD0A-73CCC862870B}.Debug|iPhone.Build.0 = Debug|Any CPU
		{C7BE3327-19D7-4202-AD0A-73CCC862870B}.Debug|iPhone.Deploy.0 = Debug|Any CPU
		{C7BE3327-19D7-4202-AD0A-73CCC862870B}.Debug|iPhoneSimulator.ActiveCfg = Debug|Any CPU
		{C7BE3327-19D7-4202-AD0A-73CCC862870B}.Debug|iPhoneSimulator.Build.0 = Debug|Any CPU
		{C7BE3327-19D7-4202-AD0A-73CCC862870B}.Debug|iPhoneSimulator.Deploy.0 = Debug|Any CPU
		{C7BE3327-19D7-4202-AD0A-73CCC862870B}.Debug|x64.ActiveCfg = Debug|Any CPU
		{C7BE3327-19D7-4202-AD0A-73CCC862870B}.Debug|x64.Build.0 = Debug|Any CPU
		{C7BE3327-19D7-4202-AD0A-73CCC862870B}.Debug|x64.Deploy.0 = Debug|Any CPU
		{C7BE3327-19D7-4202-AD0A-73CCC862870B}.Debug|x86.ActiveCfg = Debug|Any CPU
		{C7BE3327-19D7-4202-AD0A-73CCC862870B}.Debug|x86.Build.0 = Debug|Any CPU
		{C7BE3327-19D7-4202-AD0A-73CCC862870B}.Debug|x86.Deploy.0 = Debug|Any CPU
		{C7BE3327-19D7-4202-AD0A-73CCC862870B}.Release|Any CPU.ActiveCfg = Release|Any CPU
		{C7BE3327-19D7-4202-AD0A-73CCC862870B}.Release|Any CPU.Build.0 = Release|Any CPU
		{C7BE3327-19D7-4202-AD0A-73CCC862870B}.Release|Any CPU.Deploy.0 = Release|Any CPU
		{C7BE3327-19D7-4202-AD0A-73CCC862870B}.Release|ARM.ActiveCfg = Release|Any CPU
		{C7BE3327-19D7-4202-AD0A-73CCC862870B}.Release|ARM.Build.0 = Release|Any CPU
		{C7BE3327-19D7-4202-AD0A-73CCC862870B}.Release|ARM.Deploy.0 = Release|Any CPU
		{C7BE3327-19D7-4202-AD0A-73CCC862870B}.Release|iPhone.ActiveCfg = Release|Any CPU
		{C7BE3327-19D7-4202-AD0A-73CCC862870B}.Release|iPhone.Build.0 = Release|Any CPU
		{C7BE3327-19D7-4202-AD0A-73CCC862870B}.Release|iPhone.Deploy.0 = Release|Any CPU
		{C7BE3327-19D7-4202-AD0A-73CCC862870B}.Release|iPhoneSimulator.ActiveCfg = Release|Any CPU
		{C7BE3327-19D7-4202-AD0A-73CCC862870B}.Release|iPhoneSimulator.Build.0 = Release|Any CPU
		{C7BE3327-19D7-4202-AD0A-73CCC862870B}.Release|iPhoneSimulator.Deploy.0 = Release|Any CPU
		{C7BE3327-19D7-4202-AD0A-73CCC862870B}.Release|x64.ActiveCfg = Release|Any CPU
		{C7BE3327-19D7-4202-AD0A-73CCC862870B}.Release|x64.Build.0 = Release|Any CPU
		{C7BE3327-19D7-4202-AD0A-73CCC862870B}.Release|x64.Deploy.0 = Release|Any CPU
		{C7BE3327-19D7-4202-AD0A-73CCC862870B}.Release|x86.ActiveCfg = Release|Any CPU
		{C7BE3327-19D7-4202-AD0A-73CCC862870B}.Release|x86.Build.0 = Release|Any CPU
		{C7BE3327-19D7-4202-AD0A-73CCC862870B}.Release|x86.Deploy.0 = Release|Any CPU
		{B37FB47B-59CC-432D-8E31-2BA820CC57C5}.Ad-Hoc|Any CPU.ActiveCfg = Release|Any CPU
		{B37FB47B-59CC-432D-8E31-2BA820CC57C5}.Ad-Hoc|Any CPU.Build.0 = Release|Any CPU
		{B37FB47B-59CC-432D-8E31-2BA820CC57C5}.Ad-Hoc|ARM.ActiveCfg = Release|Any CPU
		{B37FB47B-59CC-432D-8E31-2BA820CC57C5}.Ad-Hoc|ARM.Build.0 = Release|Any CPU
		{B37FB47B-59CC-432D-8E31-2BA820CC57C5}.Ad-Hoc|iPhone.ActiveCfg = Release|Any CPU
		{B37FB47B-59CC-432D-8E31-2BA820CC57C5}.Ad-Hoc|iPhone.Build.0 = Release|Any CPU
		{B37FB47B-59CC-432D-8E31-2BA820CC57C5}.Ad-Hoc|iPhoneSimulator.ActiveCfg = Release|Any CPU
		{B37FB47B-59CC-432D-8E31-2BA820CC57C5}.Ad-Hoc|iPhoneSimulator.Build.0 = Release|Any CPU
		{B37FB47B-59CC-432D-8E31-2BA820CC57C5}.Ad-Hoc|x64.ActiveCfg = Release|Any CPU
		{B37FB47B-59CC-432D-8E31-2BA820CC57C5}.Ad-Hoc|x64.Build.0 = Release|Any CPU
		{B37FB47B-59CC-432D-8E31-2BA820CC57C5}.Ad-Hoc|x86.ActiveCfg = Release|Any CPU
		{B37FB47B-59CC-432D-8E31-2BA820CC57C5}.Ad-Hoc|x86.Build.0 = Release|Any CPU
		{B37FB47B-59CC-432D-8E31-2BA820CC57C5}.AppStore|Any CPU.ActiveCfg = Release|Any CPU
		{B37FB47B-59CC-432D-8E31-2BA820CC57C5}.AppStore|Any CPU.Build.0 = Release|Any CPU
		{B37FB47B-59CC-432D-8E31-2BA820CC57C5}.AppStore|ARM.ActiveCfg = Release|Any CPU
		{B37FB47B-59CC-432D-8E31-2BA820CC57C5}.AppStore|ARM.Build.0 = Release|Any CPU
		{B37FB47B-59CC-432D-8E31-2BA820CC57C5}.AppStore|iPhone.ActiveCfg = Release|Any CPU
		{B37FB47B-59CC-432D-8E31-2BA820CC57C5}.AppStore|iPhone.Build.0 = Release|Any CPU
		{B37FB47B-59CC-432D-8E31-2BA820CC57C5}.AppStore|iPhoneSimulator.ActiveCfg = Release|Any CPU
		{B37FB47B-59CC-432D-8E31-2BA820CC57C5}.AppStore|iPhoneSimulator.Build.0 = Release|Any CPU
		{B37FB47B-59CC-432D-8E31-2BA820CC57C5}.AppStore|x64.ActiveCfg = Release|Any CPU
		{B37FB47B-59CC-432D-8E31-2BA820CC57C5}.AppStore|x64.Build.0 = Release|Any CPU
		{B37FB47B-59CC-432D-8E31-2BA820CC57C5}.AppStore|x86.ActiveCfg = Release|Any CPU
		{B37FB47B-59CC-432D-8E31-2BA820CC57C5}.AppStore|x86.Build.0 = Release|Any CPU
		{B37FB47B-59CC-432D-8E31-2BA820CC57C5}.Debug|Any CPU.ActiveCfg = Debug|Any CPU
		{B37FB47B-59CC-432D-8E31-2BA820CC57C5}.Debug|Any CPU.Build.0 = Debug|Any CPU
		{B37FB47B-59CC-432D-8E31-2BA820CC57C5}.Debug|ARM.ActiveCfg = Debug|Any CPU
		{B37FB47B-59CC-432D-8E31-2BA820CC57C5}.Debug|ARM.Build.0 = Debug|Any CPU
		{B37FB47B-59CC-432D-8E31-2BA820CC57C5}.Debug|iPhone.ActiveCfg = Debug|Any CPU
		{B37FB47B-59CC-432D-8E31-2BA820CC57C5}.Debug|iPhone.Build.0 = Debug|Any CPU
		{B37FB47B-59CC-432D-8E31-2BA820CC57C5}.Debug|iPhoneSimulator.ActiveCfg = Debug|Any CPU
		{B37FB47B-59CC-432D-8E31-2BA820CC57C5}.Debug|iPhoneSimulator.Build.0 = Debug|Any CPU
		{B37FB47B-59CC-432D-8E31-2BA820CC57C5}.Debug|x64.ActiveCfg = Debug|Any CPU
		{B37FB47B-59CC-432D-8E31-2BA820CC57C5}.Debug|x64.Build.0 = Debug|Any CPU
		{B37FB47B-59CC-432D-8E31-2BA820CC57C5}.Debug|x86.ActiveCfg = Debug|Any CPU
		{B37FB47B-59CC-432D-8E31-2BA820CC57C5}.Debug|x86.Build.0 = Debug|Any CPU
		{B37FB47B-59CC-432D-8E31-2BA820CC57C5}.Release|Any CPU.ActiveCfg = Release|Any CPU
		{B37FB47B-59CC-432D-8E31-2BA820CC57C5}.Release|Any CPU.Build.0 = Release|Any CPU
		{B37FB47B-59CC-432D-8E31-2BA820CC57C5}.Release|ARM.ActiveCfg = Release|Any CPU
		{B37FB47B-59CC-432D-8E31-2BA820CC57C5}.Release|ARM.Build.0 = Release|Any CPU
		{B37FB47B-59CC-432D-8E31-2BA820CC57C5}.Release|iPhone.ActiveCfg = Release|Any CPU
		{B37FB47B-59CC-432D-8E31-2BA820CC57C5}.Release|iPhone.Build.0 = Release|Any CPU
		{B37FB47B-59CC-432D-8E31-2BA820CC57C5}.Release|iPhoneSimulator.ActiveCfg = Release|Any CPU
		{B37FB47B-59CC-432D-8E31-2BA820CC57C5}.Release|iPhoneSimulator.Build.0 = Release|Any CPU
		{B37FB47B-59CC-432D-8E31-2BA820CC57C5}.Release|x64.ActiveCfg = Release|Any CPU
		{B37FB47B-59CC-432D-8E31-2BA820CC57C5}.Release|x64.Build.0 = Release|Any CPU
		{B37FB47B-59CC-432D-8E31-2BA820CC57C5}.Release|x86.ActiveCfg = Release|Any CPU
		{B37FB47B-59CC-432D-8E31-2BA820CC57C5}.Release|x86.Build.0 = Release|Any CPU
		{D73A21DB-73FC-49A8-BB2D-0AEECE29A991}.Ad-Hoc|Any CPU.ActiveCfg = Release|x86
		{D73A21DB-73FC-49A8-BB2D-0AEECE29A991}.Ad-Hoc|Any CPU.Build.0 = Release|x86
		{D73A21DB-73FC-49A8-BB2D-0AEECE29A991}.Ad-Hoc|Any CPU.Deploy.0 = Release|x86
		{D73A21DB-73FC-49A8-BB2D-0AEECE29A991}.Ad-Hoc|ARM.ActiveCfg = Release|ARM
		{D73A21DB-73FC-49A8-BB2D-0AEECE29A991}.Ad-Hoc|ARM.Build.0 = Release|ARM
		{D73A21DB-73FC-49A8-BB2D-0AEECE29A991}.Ad-Hoc|ARM.Deploy.0 = Release|ARM
		{D73A21DB-73FC-49A8-BB2D-0AEECE29A991}.Ad-Hoc|iPhone.ActiveCfg = Release|x86
		{D73A21DB-73FC-49A8-BB2D-0AEECE29A991}.Ad-Hoc|iPhone.Build.0 = Release|x86
		{D73A21DB-73FC-49A8-BB2D-0AEECE29A991}.Ad-Hoc|iPhone.Deploy.0 = Release|x86
		{D73A21DB-73FC-49A8-BB2D-0AEECE29A991}.Ad-Hoc|iPhoneSimulator.ActiveCfg = Release|x86
		{D73A21DB-73FC-49A8-BB2D-0AEECE29A991}.Ad-Hoc|iPhoneSimulator.Build.0 = Release|x86
		{D73A21DB-73FC-49A8-BB2D-0AEECE29A991}.Ad-Hoc|iPhoneSimulator.Deploy.0 = Release|x86
		{D73A21DB-73FC-49A8-BB2D-0AEECE29A991}.Ad-Hoc|x64.ActiveCfg = Release|x64
		{D73A21DB-73FC-49A8-BB2D-0AEECE29A991}.Ad-Hoc|x64.Build.0 = Release|x64
		{D73A21DB-73FC-49A8-BB2D-0AEECE29A991}.Ad-Hoc|x64.Deploy.0 = Release|x64
		{D73A21DB-73FC-49A8-BB2D-0AEECE29A991}.Ad-Hoc|x86.ActiveCfg = Release|x86
		{D73A21DB-73FC-49A8-BB2D-0AEECE29A991}.Ad-Hoc|x86.Build.0 = Release|x86
		{D73A21DB-73FC-49A8-BB2D-0AEECE29A991}.Ad-Hoc|x86.Deploy.0 = Release|x86
		{D73A21DB-73FC-49A8-BB2D-0AEECE29A991}.AppStore|Any CPU.ActiveCfg = Release|x86
		{D73A21DB-73FC-49A8-BB2D-0AEECE29A991}.AppStore|Any CPU.Build.0 = Release|x86
		{D73A21DB-73FC-49A8-BB2D-0AEECE29A991}.AppStore|Any CPU.Deploy.0 = Release|x86
		{D73A21DB-73FC-49A8-BB2D-0AEECE29A991}.AppStore|ARM.ActiveCfg = Release|ARM
		{D73A21DB-73FC-49A8-BB2D-0AEECE29A991}.AppStore|ARM.Build.0 = Release|ARM
		{D73A21DB-73FC-49A8-BB2D-0AEECE29A991}.AppStore|ARM.Deploy.0 = Release|ARM
		{D73A21DB-73FC-49A8-BB2D-0AEECE29A991}.AppStore|iPhone.ActiveCfg = Release|x86
		{D73A21DB-73FC-49A8-BB2D-0AEECE29A991}.AppStore|iPhone.Build.0 = Release|x86
		{D73A21DB-73FC-49A8-BB2D-0AEECE29A991}.AppStore|iPhone.Deploy.0 = Release|x86
		{D73A21DB-73FC-49A8-BB2D-0AEECE29A991}.AppStore|iPhoneSimulator.ActiveCfg = Release|x86
		{D73A21DB-73FC-49A8-BB2D-0AEECE29A991}.AppStore|iPhoneSimulator.Build.0 = Release|x86
		{D73A21DB-73FC-49A8-BB2D-0AEECE29A991}.AppStore|iPhoneSimulator.Deploy.0 = Release|x86
		{D73A21DB-73FC-49A8-BB2D-0AEECE29A991}.AppStore|x64.ActiveCfg = Release|x64
		{D73A21DB-73FC-49A8-BB2D-0AEECE29A991}.AppStore|x64.Build.0 = Release|x64
		{D73A21DB-73FC-49A8-BB2D-0AEECE29A991}.AppStore|x64.Deploy.0 = Release|x64
		{D73A21DB-73FC-49A8-BB2D-0AEECE29A991}.AppStore|x86.ActiveCfg = Release|x86
		{D73A21DB-73FC-49A8-BB2D-0AEECE29A991}.AppStore|x86.Build.0 = Release|x86
		{D73A21DB-73FC-49A8-BB2D-0AEECE29A991}.AppStore|x86.Deploy.0 = Release|x86
		{D73A21DB-73FC-49A8-BB2D-0AEECE29A991}.Debug|Any CPU.ActiveCfg = Debug|x86
		{D73A21DB-73FC-49A8-BB2D-0AEECE29A991}.Debug|ARM.ActiveCfg = Debug|ARM
		{D73A21DB-73FC-49A8-BB2D-0AEECE29A991}.Debug|ARM.Build.0 = Debug|ARM
		{D73A21DB-73FC-49A8-BB2D-0AEECE29A991}.Debug|ARM.Deploy.0 = Debug|ARM
		{D73A21DB-73FC-49A8-BB2D-0AEECE29A991}.Debug|iPhone.ActiveCfg = Debug|x86
		{D73A21DB-73FC-49A8-BB2D-0AEECE29A991}.Debug|iPhoneSimulator.ActiveCfg = Debug|x86
		{D73A21DB-73FC-49A8-BB2D-0AEECE29A991}.Debug|x64.ActiveCfg = Debug|x64
		{D73A21DB-73FC-49A8-BB2D-0AEECE29A991}.Debug|x64.Build.0 = Debug|x64
		{D73A21DB-73FC-49A8-BB2D-0AEECE29A991}.Debug|x64.Deploy.0 = Debug|x64
		{D73A21DB-73FC-49A8-BB2D-0AEECE29A991}.Debug|x86.ActiveCfg = Debug|x86
		{D73A21DB-73FC-49A8-BB2D-0AEECE29A991}.Debug|x86.Build.0 = Debug|x86
		{D73A21DB-73FC-49A8-BB2D-0AEECE29A991}.Debug|x86.Deploy.0 = Debug|x86
		{D73A21DB-73FC-49A8-BB2D-0AEECE29A991}.Release|Any CPU.ActiveCfg = Release|x86
		{D73A21DB-73FC-49A8-BB2D-0AEECE29A991}.Release|ARM.ActiveCfg = Release|ARM
		{D73A21DB-73FC-49A8-BB2D-0AEECE29A991}.Release|ARM.Build.0 = Release|ARM
		{D73A21DB-73FC-49A8-BB2D-0AEECE29A991}.Release|ARM.Deploy.0 = Release|ARM
		{D73A21DB-73FC-49A8-BB2D-0AEECE29A991}.Release|iPhone.ActiveCfg = Release|x86
		{D73A21DB-73FC-49A8-BB2D-0AEECE29A991}.Release|iPhoneSimulator.ActiveCfg = Release|x86
		{D73A21DB-73FC-49A8-BB2D-0AEECE29A991}.Release|x64.ActiveCfg = Release|x64
		{D73A21DB-73FC-49A8-BB2D-0AEECE29A991}.Release|x64.Build.0 = Release|x64
		{D73A21DB-73FC-49A8-BB2D-0AEECE29A991}.Release|x64.Deploy.0 = Release|x64
		{D73A21DB-73FC-49A8-BB2D-0AEECE29A991}.Release|x86.ActiveCfg = Release|x86
		{D73A21DB-73FC-49A8-BB2D-0AEECE29A991}.Release|x86.Build.0 = Release|x86
		{D73A21DB-73FC-49A8-BB2D-0AEECE29A991}.Release|x86.Deploy.0 = Release|x86
		{EC311181-8BFA-48ED-BFD2-10CDFC8ECD23}.Ad-Hoc|Any CPU.ActiveCfg = Ad-Hoc|iPhone
		{EC311181-8BFA-48ED-BFD2-10CDFC8ECD23}.Ad-Hoc|ARM.ActiveCfg = Ad-Hoc|iPhone
		{EC311181-8BFA-48ED-BFD2-10CDFC8ECD23}.Ad-Hoc|iPhone.ActiveCfg = Ad-Hoc|iPhone
		{EC311181-8BFA-48ED-BFD2-10CDFC8ECD23}.Ad-Hoc|iPhone.Build.0 = Ad-Hoc|iPhone
		{EC311181-8BFA-48ED-BFD2-10CDFC8ECD23}.Ad-Hoc|iPhoneSimulator.ActiveCfg = Ad-Hoc|iPhoneSimulator
		{EC311181-8BFA-48ED-BFD2-10CDFC8ECD23}.Ad-Hoc|iPhoneSimulator.Build.0 = Ad-Hoc|iPhoneSimulator
		{EC311181-8BFA-48ED-BFD2-10CDFC8ECD23}.Ad-Hoc|x64.ActiveCfg = Ad-Hoc|iPhone
		{EC311181-8BFA-48ED-BFD2-10CDFC8ECD23}.Ad-Hoc|x86.ActiveCfg = Ad-Hoc|iPhone
		{EC311181-8BFA-48ED-BFD2-10CDFC8ECD23}.AppStore|Any CPU.ActiveCfg = AppStore|iPhone
		{EC311181-8BFA-48ED-BFD2-10CDFC8ECD23}.AppStore|ARM.ActiveCfg = AppStore|iPhone
		{EC311181-8BFA-48ED-BFD2-10CDFC8ECD23}.AppStore|iPhone.ActiveCfg = AppStore|iPhone
		{EC311181-8BFA-48ED-BFD2-10CDFC8ECD23}.AppStore|iPhone.Build.0 = AppStore|iPhone
		{EC311181-8BFA-48ED-BFD2-10CDFC8ECD23}.AppStore|iPhoneSimulator.ActiveCfg = AppStore|iPhoneSimulator
		{EC311181-8BFA-48ED-BFD2-10CDFC8ECD23}.AppStore|iPhoneSimulator.Build.0 = AppStore|iPhoneSimulator
		{EC311181-8BFA-48ED-BFD2-10CDFC8ECD23}.AppStore|x64.ActiveCfg = AppStore|iPhone
		{EC311181-8BFA-48ED-BFD2-10CDFC8ECD23}.AppStore|x86.ActiveCfg = AppStore|iPhone
		{EC311181-8BFA-48ED-BFD2-10CDFC8ECD23}.Debug|Any CPU.ActiveCfg = Debug|iPhone
		{EC311181-8BFA-48ED-BFD2-10CDFC8ECD23}.Debug|ARM.ActiveCfg = Debug|iPhone
		{EC311181-8BFA-48ED-BFD2-10CDFC8ECD23}.Debug|iPhone.ActiveCfg = Debug|iPhone
		{EC311181-8BFA-48ED-BFD2-10CDFC8ECD23}.Debug|iPhone.Build.0 = Debug|iPhone
		{EC311181-8BFA-48ED-BFD2-10CDFC8ECD23}.Debug|iPhoneSimulator.ActiveCfg = Debug|iPhoneSimulator
		{EC311181-8BFA-48ED-BFD2-10CDFC8ECD23}.Debug|iPhoneSimulator.Build.0 = Debug|iPhoneSimulator
		{EC311181-8BFA-48ED-BFD2-10CDFC8ECD23}.Debug|x64.ActiveCfg = Debug|iPhone
		{EC311181-8BFA-48ED-BFD2-10CDFC8ECD23}.Debug|x86.ActiveCfg = Debug|iPhone
		{EC311181-8BFA-48ED-BFD2-10CDFC8ECD23}.Release|Any CPU.ActiveCfg = Release|iPhone
		{EC311181-8BFA-48ED-BFD2-10CDFC8ECD23}.Release|ARM.ActiveCfg = Release|iPhone
		{EC311181-8BFA-48ED-BFD2-10CDFC8ECD23}.Release|iPhone.ActiveCfg = Release|iPhone
		{EC311181-8BFA-48ED-BFD2-10CDFC8ECD23}.Release|iPhone.Build.0 = Release|iPhone
		{EC311181-8BFA-48ED-BFD2-10CDFC8ECD23}.Release|iPhoneSimulator.ActiveCfg = Release|iPhoneSimulator
		{EC311181-8BFA-48ED-BFD2-10CDFC8ECD23}.Release|iPhoneSimulator.Build.0 = Release|iPhoneSimulator
		{EC311181-8BFA-48ED-BFD2-10CDFC8ECD23}.Release|x64.ActiveCfg = Release|iPhone
		{EC311181-8BFA-48ED-BFD2-10CDFC8ECD23}.Release|x86.ActiveCfg = Release|iPhone
	EndGlobalSection
	GlobalSection(SolutionProperties) = preSolution
		HideSolutionNode = FALSE
	EndGlobalSection
	GlobalSection(ExtensibilityGlobals) = postSolution
		SolutionGuid = {7D45550F-9CEA-488B-95A7-A2B9C846EB44}
	EndGlobalSection
EndGlobal
